
Microsoft Visual Studio Solution File, Format Version 12.00
# Visual Studio 15
VisualStudioVersion = 15.0.27703.2042
MinimumVisualStudioVersion = 10.0.40219.1
Project("{FAE04EC0-301F-11D3-BF4B-00C04F79EFBC}") = "Calculator", "Calculator\Calculator.csproj", "{82FF5E72-EFFD-4CFD-83BF-3750863C0D64}"
EndProject
Project("{FAE04EC0-301F-11D3-BF4B-00C04F79EFBC}") = "TestCalculator", "TestCalculator\TestCalculator.csproj", "{05AFE601-318A-4224-9C8C-28300EA52021}"
EndProject
Project("{FAE04EC0-301F-11D3-BF4B-00C04F79EFBC}") = "RunAsChain", "RunAsChain\RunAsChain.csproj", "{682D4BD9-4664-4767-A74B-1C6977E11840}"
EndProject
Project("{FAE04EC0-301F-11D3-BF4B-00C04F79EFBC}") = "Run_As_Chain", "Run_As_Chain\Run_As_Chain.csproj", "{1F5EC560-56B0-4F76-85CF-D8249AECC187}"
EndProject
Project("{FAE04EC0-301F-11D3-BF4B-00C04F79EFBC}") = "Run_As_Chain_test", "Run_As_Chain_test\Run_As_Chain_test.csproj", "{0963F7A3-2B94-4DC4-87CF-4789FC291CA1}"
EndProject
Global
	GlobalSection(SolutionConfigurationPlatforms) = preSolution
		Debug|Any CPU = Debug|Any CPU
		Release|Any CPU = Release|Any CPU
	EndGlobalSection
	GlobalSection(ProjectConfigurationPlatforms) = postSolution
		{82FF5E72-EFFD-4CFD-83BF-3750863C0D64}.Debug|Any CPU.ActiveCfg = Debug|Any CPU
		{82FF5E72-EFFD-4CFD-83BF-3750863C0D64}.Debug|Any CPU.Build.0 = Debug|Any CPU
		{82FF5E72-EFFD-4CFD-83BF-3750863C0D64}.Release|Any CPU.ActiveCfg = Release|Any CPU
		{82FF5E72-EFFD-4CFD-83BF-3750863C0D64}.Release|Any CPU.Build.0 = Release|Any CPU
		{05AFE601-318A-4224-9C8C-28300EA52021}.Debug|Any CPU.ActiveCfg = Debug|Any CPU
		{05AFE601-318A-4224-9C8C-28300EA52021}.Debug|Any CPU.Build.0 = Debug|Any CPU
		{05AFE601-318A-4224-9C8C-28300EA52021}.Release|Any CPU.ActiveCfg = Release|Any CPU
		{05AFE601-318A-4224-9C8C-28300EA52021}.Release|Any CPU.Build.0 = Release|Any CPU
		{682D4BD9-4664-4767-A74B-1C6977E11840}.Debug|Any CPU.ActiveCfg = Debug|Any CPU
		{682D4BD9-4664-4767-A74B-1C6977E11840}.Debug|Any CPU.Build.0 = Debug|Any CPU
		{682D4BD9-4664-4767-A74B-1C6977E11840}.Release|Any CPU.ActiveCfg = Release|Any CPU
		{682D4BD9-4664-4767-A74B-1C6977E11840}.Release|Any CPU.Build.0 = Release|Any CPU
		{1F5EC560-56B0-4F76-85CF-D8249AECC187}.Debug|Any CPU.ActiveCfg = Debug|Any CPU
		{1F5EC560-56B0-4F76-85CF-D8249AECC187}.Debug|Any CPU.Build.0 = Debug|Any CPU
		{1F5EC560-56B0-4F76-85CF-D8249AECC187}.Release|Any CPU.ActiveCfg = Release|Any CPU
		{1F5EC560-56B0-4F76-85CF-D8249AECC187}.Release|Any CPU.Build.0 = Release|Any CPU
		{0963F7A3-2B94-4DC4-87CF-4789FC291CA1}.Debug|Any CPU.ActiveCfg = Debug|Any CPU
		{0963F7A3-2B94-4DC4-87CF-4789FC291CA1}.Debug|Any CPU.Build.0 = Debug|Any CPU
		{0963F7A3-2B94-4DC4-87CF-4789FC291CA1}.Release|Any CPU.ActiveCfg = Release|Any CPU
		{0963F7A3-2B94-4DC4-87CF-4789FC291CA1}.Release|Any CPU.Build.0 = Release|Any CPU
	EndGlobalSection
	GlobalSection(SolutionProperties) = preSolution
		HideSolutionNode = FALSE
	EndGlobalSection
	GlobalSection(ExtensibilityGlobals) = postSolution
		SolutionGuid = {8BF5821C-6F18-4B39-A7CC-ADC3B3DF61BF}
	EndGlobalSection
EndGlobal
